
Microsoft Visual Studio Solution File, Format Version 12.00
# Visual Studio 2012
Project("{FAE04EC0-301F-11D3-BF4B-00C04F79EFBC}") = "Ylib", "Ylib\Ylib.csproj", "{5BC337CA-B7F5-4F53-99A2-B1CF70D4A015}"
EndProject
Project("{2150E333-8FDC-42A3-9474-1A3956D46DE8}") = "Solution Items", "Solution Items", "{53E769FA-CE25-457B-A6A2-336961725953}"
	ProjectSection(SolutionItems) = preProject
		README.md = README.md
	EndProjectSection
EndProject
Project("{FAE04EC0-301F-11D3-BF4B-00C04F79EFBC}") = "Test", "Test\Test.csproj", "{FC7DE2B1-6826-41EB-9A80-8AD26FE48B8C}"
EndProject
Global
	GlobalSection(SolutionConfigurationPlatforms) = preSolution
		Debug|Any CPU = Debug|Any CPU
		Release|Any CPU = Release|Any CPU
	EndGlobalSection
	GlobalSection(ProjectConfigurationPlatforms) = postSolution
		{5BC337CA-B7F5-4F53-99A2-B1CF70D4A015}.Debug|Any CPU.ActiveCfg = Debug|Any CPU
		{5BC337CA-B7F5-4F53-99A2-B1CF70D4A015}.Debug|Any CPU.Build.0 = Debug|Any CPU
		{5BC337CA-B7F5-4F53-99A2-B1CF70D4A015}.Release|Any CPU.ActiveCfg = Release|Any CPU
		{5BC337CA-B7F5-4F53-99A2-B1CF70D4A015}.Release|Any CPU.Build.0 = Release|Any CPU
		{FC7DE2B1-6826-41EB-9A80-8AD26FE48B8C}.Debug|Any CPU.ActiveCfg = Debug|Any CPU
		{FC7DE2B1-6826-41EB-9A80-8AD26FE48B8C}.Debug|Any CPU.Build.0 = Debug|Any CPU
		{FC7DE2B1-6826-41EB-9A80-8AD26FE48B8C}.Release|Any CPU.ActiveCfg = Release|Any CPU
		{FC7DE2B1-6826-41EB-9A80-8AD26FE48B8C}.Release|Any CPU.Build.0 = Release|Any CPU
	EndGlobalSection
	GlobalSection(NestedProjects) = preSolution
	EndGlobalSection
EndGlobal
